
Microsoft Visual Studio Solution File, Format Version 12.00
# Visual Studio Version 17
VisualStudioVersion = 17.7.34024.191
MinimumVisualStudioVersion = 10.0.40219.1
Project("{8BC9CEB8-8B4A-11D0-8D11-00A0C91BC942}") = "Week2", "Week2\Week2.vcxproj", "{C21B551E-FEEA-46D7-8CDF-5BA674B9551C}"
EndProject
Project("{8BC9CEB8-8B4A-11D0-8D11-00A0C91BC942}") = "Week3", "Week3\Week3.vcxproj", "{CE42E031-2E45-49D5-BB3F-E9F2D47A136E}"
EndProject
Project("{8BC9CEB8-8B4A-11D0-8D11-00A0C91BC942}") = "Week4", "Week4\Week4.vcxproj", "{2BBCD4DA-2052-47FB-940D-93C7D15D269D}"
EndProject
Project("{8BC9CEB8-8B4A-11D0-8D11-00A0C91BC942}") = "Week5", "Week5\Week5.vcxproj", "{2A38AB9F-2736-4BB2-B4E0-E0F0482B2A31}"
EndProject
Project("{8BC9CEB8-8B4A-11D0-8D11-00A0C91BC942}") = "Week6", "Week6\Week6.vcxproj", "{7C33A6EF-29D9-4A71-82A2-D4968E1D0443}"
EndProject
Project("{8BC9CEB8-8B4A-11D0-8D11-00A0C91BC942}") = "Week7", "Week7\Week7.vcxproj", "{84574321-3EFF-4A35-BAA6-D02585AC93CF}"
EndProject
Project("{8BC9CEB8-8B4A-11D0-8D11-00A0C91BC942}") = "Week9", "Week9\Week9.vcxproj", "{860FBB8D-71E5-4C16-9685-1782F05AAE9F}"
EndProject
Project("{8BC9CEB8-8B4A-11D0-8D11-00A0C91BC942}") = "Week10", "Week10\Week10.vcxproj", "{A242CCAB-DB44-49FE-B1EC-C1E112E3BF9F}"
EndProject
Project("{8BC9CEB8-8B4A-11D0-8D11-00A0C91BC942}") = "Week11-Assignment", "Week11-Assignment\Week11-Assignment.vcxproj", "{83F421B4-6BAB-42F3-9FFB-1E030CA024D5}"
EndProject
Project("{8BC9CEB8-8B4A-11D0-8D11-00A0C91BC942}") = "Week12", "Week12\Week12.vcxproj", "{6B94E5EA-6439-4BDD-930B-697948C44110}"
EndProject
Project("{8BC9CEB8-8B4A-11D0-8D11-00A0C91BC942}") = "Week13", "Week13\Week13.vcxproj", "{212ACBD9-5E02-4ACB-83AF-604A6052B224}"
EndProject
Global
	GlobalSection(SolutionConfigurationPlatforms) = preSolution
		Debug|ARM64 = Debug|ARM64
		Debug|x64 = Debug|x64
		Debug|x86 = Debug|x86
		Release|ARM64 = Release|ARM64
		Release|x64 = Release|x64
		Release|x86 = Release|x86
	EndGlobalSection
	GlobalSection(ProjectConfigurationPlatforms) = postSolution
		{C21B551E-FEEA-46D7-8CDF-5BA674B9551C}.Debug|ARM64.ActiveCfg = Debug|ARM64
		{C21B551E-FEEA-46D7-8CDF-5BA674B9551C}.Debug|ARM64.Build.0 = Debug|ARM64
		{C21B551E-FEEA-46D7-8CDF-5BA674B9551C}.Debug|x64.ActiveCfg = Debug|x64
		{C21B551E-FEEA-46D7-8CDF-5BA674B9551C}.Debug|x64.Build.0 = Debug|x64
		{C21B551E-FEEA-46D7-8CDF-5BA674B9551C}.Debug|x86.ActiveCfg = Debug|Win32
		{C21B551E-FEEA-46D7-8CDF-5BA674B9551C}.Debug|x86.Build.0 = Debug|Win32
		{C21B551E-FEEA-46D7-8CDF-5BA674B9551C}.Release|ARM64.ActiveCfg = Release|ARM64
		{C21B551E-FEEA-46D7-8CDF-5BA674B9551C}.Release|ARM64.Build.0 = Release|ARM64
		{C21B551E-FEEA-46D7-8CDF-5BA674B9551C}.Release|x64.ActiveCfg = Release|x64
		{C21B551E-FEEA-46D7-8CDF-5BA674B9551C}.Release|x64.Build.0 = Release|x64
		{C21B551E-FEEA-46D7-8CDF-5BA674B9551C}.Release|x86.ActiveCfg = Release|Win32
		{C21B551E-FEEA-46D7-8CDF-5BA674B9551C}.Release|x86.Build.0 = Release|Win32
		{CE42E031-2E45-49D5-BB3F-E9F2D47A136E}.Debug|ARM64.ActiveCfg = Debug|ARM64
		{CE42E031-2E45-49D5-BB3F-E9F2D47A136E}.Debug|ARM64.Build.0 = Debug|ARM64
		{CE42E031-2E45-49D5-BB3F-E9F2D47A136E}.Debug|x64.ActiveCfg = Debug|x64
		{CE42E031-2E45-49D5-BB3F-E9F2D47A136E}.Debug|x64.Build.0 = Debug|x64
		{CE42E031-2E45-49D5-BB3F-E9F2D47A136E}.Debug|x86.ActiveCfg = Debug|Win32
		{CE42E031-2E45-49D5-BB3F-E9F2D47A136E}.Debug|x86.Build.0 = Debug|Win32
		{CE42E031-2E45-49D5-BB3F-E9F2D47A136E}.Release|ARM64.ActiveCfg = Release|ARM64
		{CE42E031-2E45-49D5-BB3F-E9F2D47A136E}.Release|ARM64.Build.0 = Release|ARM64
		{CE42E031-2E45-49D5-BB3F-E9F2D47A136E}.Release|x64.ActiveCfg = Release|x64
		{CE42E031-2E45-49D5-BB3F-E9F2D47A136E}.Release|x64.Build.0 = Release|x64
		{CE42E031-2E45-49D5-BB3F-E9F2D47A136E}.Release|x86.ActiveCfg = Release|Win32
		{CE42E031-2E45-49D5-BB3F-E9F2D47A136E}.Release|x86.Build.0 = Release|Win32
		{2BBCD4DA-2052-47FB-940D-93C7D15D269D}.Debug|ARM64.ActiveCfg = Debug|ARM64
		{2BBCD4DA-2052-47FB-940D-93C7D15D269D}.Debug|ARM64.Build.0 = Debug|ARM64
		{2BBCD4DA-2052-47FB-940D-93C7D15D269D}.Debug|x64.ActiveCfg = Debug|x64
		{2BBCD4DA-2052-47FB-940D-93C7D15D269D}.Debug|x64.Build.0 = Debug|x64
		{2BBCD4DA-2052-47FB-940D-93C7D15D269D}.Debug|x86.ActiveCfg = Debug|Win32
		{2BBCD4DA-2052-47FB-940D-93C7D15D269D}.Debug|x86.Build.0 = Debug|Win32
		{2BBCD4DA-2052-47FB-940D-93C7D15D269D}.Release|ARM64.ActiveCfg = Release|ARM64
		{2BBCD4DA-2052-47FB-940D-93C7D15D269D}.Release|ARM64.Build.0 = Release|ARM64
		{2BBCD4DA-2052-47FB-940D-93C7D15D269D}.Release|x64.ActiveCfg = Release|x64
		{2BBCD4DA-2052-47FB-940D-93C7D15D269D}.Release|x64.Build.0 = Release|x64
		{2BBCD4DA-2052-47FB-940D-93C7D15D269D}.Release|x86.ActiveCfg = Release|Win32
		{2BBCD4DA-2052-47FB-940D-93C7D15D269D}.Release|x86.Build.0 = Release|Win32
		{2A38AB9F-2736-4BB2-B4E0-E0F0482B2A31}.Debug|ARM64.ActiveCfg = Debug|ARM64
		{2A38AB9F-2736-4BB2-B4E0-E0F0482B2A31}.Debug|ARM64.Build.0 = Debug|ARM64
		{2A38AB9F-2736-4BB2-B4E0-E0F0482B2A31}.Debug|x64.ActiveCfg = Debug|x64
		{2A38AB9F-2736-4BB2-B4E0-E0F0482B2A31}.Debug|x64.Build.0 = Debug|x64
		{2A38AB9F-2736-4BB2-B4E0-E0F0482B2A31}.Debug|x86.ActiveCfg = Debug|Win32
		{2A38AB9F-2736-4BB2-B4E0-E0F0482B2A31}.Debug|x86.Build.0 = Debug|Win32
		{2A38AB9F-2736-4BB2-B4E0-E0F0482B2A31}.Release|ARM64.ActiveCfg = Release|ARM64
		{2A38AB9F-2736-4BB2-B4E0-E0F0482B2A31}.Release|ARM64.Build.0 = Release|ARM64
		{2A38AB9F-2736-4BB2-B4E0-E0F0482B2A31}.Release|x64.ActiveCfg = Release|x64
		{2A38AB9F-2736-4BB2-B4E0-E0F0482B2A31}.Release|x64.Build.0 = Release|x64
		{2A38AB9F-2736-4BB2-B4E0-E0F0482B2A31}.Release|x86.ActiveCfg = Release|Win32
		{2A38AB9F-2736-4BB2-B4E0-E0F0482B2A31}.Release|x86.Build.0 = Release|Win32
		{7C33A6EF-29D9-4A71-82A2-D4968E1D0443}.Debug|ARM64.ActiveCfg = Debug|ARM64
		{7C33A6EF-29D9-4A71-82A2-D4968E1D0443}.Debug|ARM64.Build.0 = Debug|ARM64
		{7C33A6EF-29D9-4A71-82A2-D4968E1D0443}.Debug|x64.ActiveCfg = Debug|x64
		{7C33A6EF-29D9-4A71-82A2-D4968E1D0443}.Debug|x64.Build.0 = Debug|x64
		{7C33A6EF-29D9-4A71-82A2-D4968E1D0443}.Debug|x86.ActiveCfg = Debug|Win32
		{7C33A6EF-29D9-4A71-82A2-D4968E1D0443}.Debug|x86.Build.0 = Debug|Win32
		{7C33A6EF-29D9-4A71-82A2-D4968E1D0443}.Release|ARM64.ActiveCfg = Release|ARM64
		{7C33A6EF-29D9-4A71-82A2-D4968E1D0443}.Release|ARM64.Build.0 = Release|ARM64
		{7C33A6EF-29D9-4A71-82A2-D4968E1D0443}.Release|x64.ActiveCfg = Release|x64
		{7C33A6EF-29D9-4A71-82A2-D4968E1D0443}.Release|x64.Build.0 = Release|x64
		{7C33A6EF-29D9-4A71-82A2-D4968E1D0443}.Release|x86.ActiveCfg = Release|Win32
		{7C33A6EF-29D9-4A71-82A2-D4968E1D0443}.Release|x86.Build.0 = Release|Win32
		{84574321-3EFF-4A35-BAA6-D02585AC93CF}.Debug|ARM64.ActiveCfg = Debug|ARM64
		{84574321-3EFF-4A35-BAA6-D02585AC93CF}.Debug|ARM64.Build.0 = Debug|ARM64
		{84574321-3EFF-4A35-BAA6-D02585AC93CF}.Debug|x64.ActiveCfg = Debug|x64
		{84574321-3EFF-4A35-BAA6-D02585AC93CF}.Debug|x64.Build.0 = Debug|x64
		{84574321-3EFF-4A35-BAA6-D02585AC93CF}.Debug|x86.ActiveCfg = Debug|Win32
		{84574321-3EFF-4A35-BAA6-D02585AC93CF}.Debug|x86.Build.0 = Debug|Win32
		{84574321-3EFF-4A35-BAA6-D02585AC93CF}.Release|ARM64.ActiveCfg = Release|ARM64
		{84574321-3EFF-4A35-BAA6-D02585AC93CF}.Release|ARM64.Build.0 = Release|ARM64
		{84574321-3EFF-4A35-BAA6-D02585AC93CF}.Release|x64.ActiveCfg = Release|x64
		{84574321-3EFF-4A35-BAA6-D02585AC93CF}.Release|x64.Build.0 = Release|x64
		{84574321-3EFF-4A35-BAA6-D02585AC93CF}.Release|x86.ActiveCfg = Release|Win32
		{84574321-3EFF-4A35-BAA6-D02585AC93CF}.Release|x86.Build.0 = Release|Win32
		{860FBB8D-71E5-4C16-9685-1782F05AAE9F}.Debug|ARM64.ActiveCfg = Debug|ARM64
		{860FBB8D-71E5-4C16-9685-1782F05AAE9F}.Debug|ARM64.Build.0 = Debug|ARM64
		{860FBB8D-71E5-4C16-9685-1782F05AAE9F}.Debug|x64.ActiveCfg = Debug|x64
		{860FBB8D-71E5-4C16-9685-1782F05AAE9F}.Debug|x64.Build.0 = Debug|x64
		{860FBB8D-71E5-4C16-9685-1782F05AAE9F}.Debug|x86.ActiveCfg = Debug|Win32
		{860FBB8D-71E5-4C16-9685-1782F05AAE9F}.Debug|x86.Build.0 = Debug|Win32
		{860FBB8D-71E5-4C16-9685-1782F05AAE9F}.Release|ARM64.ActiveCfg = Release|ARM64
		{860FBB8D-71E5-4C16-9685-1782F05AAE9F}.Release|ARM64.Build.0 = Release|ARM64
		{860FBB8D-71E5-4C16-9685-1782F05AAE9F}.Release|x64.ActiveCfg = Release|x64
		{860FBB8D-71E5-4C16-9685-1782F05AAE9F}.Release|x64.Build.0 = Release|x64
		{860FBB8D-71E5-4C16-9685-1782F05AAE9F}.Release|x86.ActiveCfg = Release|Win32
		{860FBB8D-71E5-4C16-9685-1782F05AAE9F}.Release|x86.Build.0 = Release|Win32
		{A242CCAB-DB44-49FE-B1EC-C1E112E3BF9F}.Debug|ARM64.ActiveCfg = Debug|ARM64
		{A242CCAB-DB44-49FE-B1EC-C1E112E3BF9F}.Debug|ARM64.Build.0 = Debug|ARM64
		{A242CCAB-DB44-49FE-B1EC-C1E112E3BF9F}.Debug|x64.ActiveCfg = Debug|x64
		{A242CCAB-DB44-49FE-B1EC-C1E112E3BF9F}.Debug|x64.Build.0 = Debug|x64
		{A242CCAB-DB44-49FE-B1EC-C1E112E3BF9F}.Debug|x86.ActiveCfg = Debug|Win32
		{A242CCAB-DB44-49FE-B1EC-C1E112E3BF9F}.Debug|x86.Build.0 = Debug|Win32
		{A242CCAB-DB44-49FE-B1EC-C1E112E3BF9F}.Release|ARM64.ActiveCfg = Release|ARM64
		{A242CCAB-DB44-49FE-B1EC-C1E112E3BF9F}.Release|ARM64.Build.0 = Release|ARM64
		{A242CCAB-DB44-49FE-B1EC-C1E112E3BF9F}.Release|x64.ActiveCfg = Release|x64
		{A242CCAB-DB44-49FE-B1EC-C1E112E3BF9F}.Release|x64.Build.0 = Release|x64
		{A242CCAB-DB44-49FE-B1EC-C1E112E3BF9F}.Release|x86.ActiveCfg = Release|Win32
		{A242CCAB-DB44-49FE-B1EC-C1E112E3BF9F}.Release|x86.Build.0 = Release|Win32
		{83F421B4-6BAB-42F3-9FFB-1E030CA024D5}.Debug|ARM64.ActiveCfg = Debug|ARM64
		{83F421B4-6BAB-42F3-9FFB-1E030CA024D5}.Debug|ARM64.Build.0 = Debug|ARM64
		{83F421B4-6BAB-42F3-9FFB-1E030CA024D5}.Debug|x64.ActiveCfg = Debug|x64
		{83F421B4-6BAB-42F3-9FFB-1E030CA024D5}.Debug|x64.Build.0 = Debug|x64
		{83F421B4-6BAB-42F3-9FFB-1E030CA024D5}.Debug|x86.ActiveCfg = Debug|Win32
		{83F421B4-6BAB-42F3-9FFB-1E030CA024D5}.Debug|x86.Build.0 = Debug|Win32
		{83F421B4-6BAB-42F3-9FFB-1E030CA024D5}.Release|ARM64.ActiveCfg = Release|ARM64
		{83F421B4-6BAB-42F3-9FFB-1E030CA024D5}.Release|ARM64.Build.0 = Release|ARM64
		{83F421B4-6BAB-42F3-9FFB-1E030CA024D5}.Release|x64.ActiveCfg = Release|x64
		{83F421B4-6BAB-42F3-9FFB-1E030CA024D5}.Release|x64.Build.0 = Release|x64
		{83F421B4-6BAB-42F3-9FFB-1E030CA024D5}.Release|x86.ActiveCfg = Release|Win32
		{83F421B4-6BAB-42F3-9FFB-1E030CA024D5}.Release|x86.Build.0 = Release|Win32
		{6B94E5EA-6439-4BDD-930B-697948C44110}.Debug|ARM64.ActiveCfg = Debug|ARM64
		{6B94E5EA-6439-4BDD-930B-697948C44110}.Debug|ARM64.Build.0 = Debug|ARM64
		{6B94E5EA-6439-4BDD-930B-697948C44110}.Debug|x64.ActiveCfg = Debug|x64
		{6B94E5EA-6439-4BDD-930B-697948C44110}.Debug|x64.Build.0 = Debug|x64
		{6B94E5EA-6439-4BDD-930B-697948C44110}.Debug|x86.ActiveCfg = Debug|Win32
		{6B94E5EA-6439-4BDD-930B-697948C44110}.Debug|x86.Build.0 = Debug|Win32
		{6B94E5EA-6439-4BDD-930B-697948C44110}.Release|ARM64.ActiveCfg = Release|ARM64
		{6B94E5EA-6439-4BDD-930B-697948C44110}.Release|ARM64.Build.0 = Release|ARM64
		{6B94E5EA-6439-4BDD-930B-697948C44110}.Release|x64.ActiveCfg = Release|x64
		{6B94E5EA-6439-4BDD-930B-697948C44110}.Release|x64.Build.0 = Release|x64
		{6B94E5EA-6439-4BDD-930B-697948C44110}.Release|x86.ActiveCfg = Release|Win32
		{6B94E5EA-6439-4BDD-930B-697948C44110}.Release|x86.Build.0 = Release|Win32
		{212ACBD9-5E02-4ACB-83AF-604A6052B224}.Debug|ARM64.ActiveCfg = Debug|ARM64
		{212ACBD9-5E02-4ACB-83AF-604A6052B224}.Debug|ARM64.Build.0 = Debug|ARM64
		{212ACBD9-5E02-4ACB-83AF-604A6052B224}.Debug|x64.ActiveCfg = Debug|x64
		{212ACBD9-5E02-4ACB-83AF-604A6052B224}.Debug|x64.Build.0 = Debug|x64
		{212ACBD9-5E02-4ACB-83AF-604A6052B224}.Debug|x86.ActiveCfg = Debug|Win32
		{212ACBD9-5E02-4ACB-83AF-604A6052B224}.Debug|x86.Build.0 = Debug|Win32
		{212ACBD9-5E02-4ACB-83AF-604A6052B224}.Release|ARM64.ActiveCfg = Release|ARM64
		{212ACBD9-5E02-4ACB-83AF-604A6052B224}.Release|ARM64.Build.0 = Release|ARM64
		{212ACBD9-5E02-4ACB-83AF-604A6052B224}.Release|x64.ActiveCfg = Release|x64
		{212ACBD9-5E02-4ACB-83AF-604A6052B224}.Release|x64.Build.0 = Release|x64
		{212ACBD9-5E02-4ACB-83AF-604A6052B224}.Release|x86.ActiveCfg = Release|Win32
		{212ACBD9-5E02-4ACB-83AF-604A6052B224}.Release|x86.Build.0 = Release|Win32
	EndGlobalSection
	GlobalSection(SolutionProperties) = preSolution
		HideSolutionNode = FALSE
	EndGlobalSection
	GlobalSection(ExtensibilityGlobals) = postSolution
		SolutionGuid = {EDFD8416-7033-4443-ACCA-4B9CE32650A7}
	EndGlobalSection
EndGlobal
