
Microsoft Visual Studio Solution File, Format Version 12.00
Project("{FAE04EC0-301F-11D3-BF4B-00C04F79EFBC}") = "One", "One\One.csproj", "{C5CA4219-F0E6-4231-96F8-84839DA24410}"
EndProject
Project("{FAE04EC0-301F-11D3-BF4B-00C04F79EFBC}") = "Two", "Two\Two.csproj", "{9B39C4E5-C59C-494E-B967-5CCB640266C8}"
EndProject
Project("{FAE04EC0-301F-11D3-BF4B-00C04F79EFBC}") = "Three", "Three\Three.csproj", "{F629CE14-F943-4149-AA2A-E16AA405C2FA}"
EndProject
Project("{FAE04EC0-301F-11D3-BF4B-00C04F79EFBC}") = "Four", "Four\Four.csproj", "{E7104406-DF2B-4C79-9F5F-A4F55F7BD666}"
EndProject
Project("{FAE04EC0-301F-11D3-BF4B-00C04F79EFBC}") = "Five", "Five\Five.csproj", "{B93392D4-1353-4981-914C-28D41BA3C02D}"
EndProject
Project("{FAE04EC0-301F-11D3-BF4B-00C04F79EFBC}") = "Six", "Six\Six.csproj", "{E5A269C2-030A-4EBF-B9EF-6353D76DC26B}"
EndProject
Project("{FAE04EC0-301F-11D3-BF4B-00C04F79EFBC}") = "Seven", "Seven\Seven.csproj", "{B847156A-7D6D-40EF-8817-4857B72E7CBF}"
EndProject
Project("{FAE04EC0-301F-11D3-BF4B-00C04F79EFBC}") = "Eight", "Eight\Eight.csproj", "{1913E0BC-B5AF-48BC-943C-BCD23F85C8C4}"
EndProject
Global
	GlobalSection(SolutionConfigurationPlatforms) = preSolution
		Debug|Any CPU = Debug|Any CPU
		Release|Any CPU = Release|Any CPU
	EndGlobalSection
	GlobalSection(ProjectConfigurationPlatforms) = postSolution
		{C5CA4219-F0E6-4231-96F8-84839DA24410}.Debug|Any CPU.ActiveCfg = Debug|Any CPU
		{C5CA4219-F0E6-4231-96F8-84839DA24410}.Debug|Any CPU.Build.0 = Debug|Any CPU
		{C5CA4219-F0E6-4231-96F8-84839DA24410}.Release|Any CPU.ActiveCfg = Release|Any CPU
		{C5CA4219-F0E6-4231-96F8-84839DA24410}.Release|Any CPU.Build.0 = Release|Any CPU
		{9B39C4E5-C59C-494E-B967-5CCB640266C8}.Debug|Any CPU.ActiveCfg = Debug|Any CPU
		{9B39C4E5-C59C-494E-B967-5CCB640266C8}.Debug|Any CPU.Build.0 = Debug|Any CPU
		{9B39C4E5-C59C-494E-B967-5CCB640266C8}.Release|Any CPU.ActiveCfg = Release|Any CPU
		{9B39C4E5-C59C-494E-B967-5CCB640266C8}.Release|Any CPU.Build.0 = Release|Any CPU
		{F629CE14-F943-4149-AA2A-E16AA405C2FA}.Debug|Any CPU.ActiveCfg = Debug|Any CPU
		{F629CE14-F943-4149-AA2A-E16AA405C2FA}.Debug|Any CPU.Build.0 = Debug|Any CPU
		{F629CE14-F943-4149-AA2A-E16AA405C2FA}.Release|Any CPU.ActiveCfg = Release|Any CPU
		{F629CE14-F943-4149-AA2A-E16AA405C2FA}.Release|Any CPU.Build.0 = Release|Any CPU
		{E7104406-DF2B-4C79-9F5F-A4F55F7BD666}.Debug|Any CPU.ActiveCfg = Debug|Any CPU
		{E7104406-DF2B-4C79-9F5F-A4F55F7BD666}.Debug|Any CPU.Build.0 = Debug|Any CPU
		{E7104406-DF2B-4C79-9F5F-A4F55F7BD666}.Release|Any CPU.ActiveCfg = Release|Any CPU
		{E7104406-DF2B-4C79-9F5F-A4F55F7BD666}.Release|Any CPU.Build.0 = Release|Any CPU
		{B93392D4-1353-4981-914C-28D41BA3C02D}.Debug|Any CPU.ActiveCfg = Debug|Any CPU
		{B93392D4-1353-4981-914C-28D41BA3C02D}.Debug|Any CPU.Build.0 = Debug|Any CPU
		{B93392D4-1353-4981-914C-28D41BA3C02D}.Release|Any CPU.ActiveCfg = Release|Any CPU
		{B93392D4-1353-4981-914C-28D41BA3C02D}.Release|Any CPU.Build.0 = Release|Any CPU
		{E5A269C2-030A-4EBF-B9EF-6353D76DC26B}.Debug|Any CPU.ActiveCfg = Debug|Any CPU
		{E5A269C2-030A-4EBF-B9EF-6353D76DC26B}.Debug|Any CPU.Build.0 = Debug|Any CPU
		{E5A269C2-030A-4EBF-B9EF-6353D76DC26B}.Release|Any CPU.ActiveCfg = Release|Any CPU
		{E5A269C2-030A-4EBF-B9EF-6353D76DC26B}.Release|Any CPU.Build.0 = Release|Any CPU
		{B847156A-7D6D-40EF-8817-4857B72E7CBF}.Debug|Any CPU.ActiveCfg = Debug|Any CPU
		{B847156A-7D6D-40EF-8817-4857B72E7CBF}.Debug|Any CPU.Build.0 = Debug|Any CPU
		{B847156A-7D6D-40EF-8817-4857B72E7CBF}.Release|Any CPU.ActiveCfg = Release|Any CPU
		{B847156A-7D6D-40EF-8817-4857B72E7CBF}.Release|Any CPU.Build.0 = Release|Any CPU
		{1913E0BC-B5AF-48BC-943C-BCD23F85C8C4}.Debug|Any CPU.ActiveCfg = Debug|Any CPU
		{1913E0BC-B5AF-48BC-943C-BCD23F85C8C4}.Debug|Any CPU.Build.0 = Debug|Any CPU
		{1913E0BC-B5AF-48BC-943C-BCD23F85C8C4}.Release|Any CPU.ActiveCfg = Release|Any CPU
		{1913E0BC-B5AF-48BC-943C-BCD23F85C8C4}.Release|Any CPU.Build.0 = Release|Any CPU
	EndGlobalSection
EndGlobal
