
Microsoft Visual Studio Solution File, Format Version 12.00
Project("{FAE04EC0-301F-11D3-BF4B-00C04F79EFBC}") = "Week3", "Week3.csproj", "{CC8C3B57-E955-448D-BA9F-FD0FBBCB144B}"
EndProject
Global
	GlobalSection(SolutionConfigurationPlatforms) = preSolution
		Debug|Any CPU = Debug|Any CPU
		Release|Any CPU = Release|Any CPU
	EndGlobalSection
	GlobalSection(ProjectConfigurationPlatforms) = postSolution
		{CC8C3B57-E955-448D-BA9F-FD0FBBCB144B}.Debug|Any CPU.ActiveCfg = Debug|Any CPU
		{CC8C3B57-E955-448D-BA9F-FD0FBBCB144B}.Debug|Any CPU.Build.0 = Debug|Any CPU
		{CC8C3B57-E955-448D-BA9F-FD0FBBCB144B}.Release|Any CPU.ActiveCfg = Release|Any CPU
		{CC8C3B57-E955-448D-BA9F-FD0FBBCB144B}.Release|Any CPU.Build.0 = Release|Any CPU
	EndGlobalSection
EndGlobal
