
Microsoft Visual Studio Solution File, Format Version 12.00
Project("{FAE04EC0-301F-11D3-BF4B-00C04F79EFBC}") = "CSharpIPAddress", "CSharpIPAddress\CSharpIPAddress.csproj", "{BF0194FE-6D0A-444A-A520-E98C31EAE3E5}"
EndProject
Project("{FAE04EC0-301F-11D3-BF4B-00C04F79EFBC}") = "TCPServerRP", "TCPServerRP\TCPServerRP.csproj", "{5F3227C5-F39F-440E-B19C-0275E89C8FC9}"
EndProject
Project("{FAE04EC0-301F-11D3-BF4B-00C04F79EFBC}") = "TCPClientRP", "TCPClientRP\TCPClientRP.csproj", "{C6CA20FF-7258-4537-A753-4CDEFE21F775}"
EndProject
Global
	GlobalSection(SolutionConfigurationPlatforms) = preSolution
		Debug|Any CPU = Debug|Any CPU
		Release|Any CPU = Release|Any CPU
	EndGlobalSection
	GlobalSection(ProjectConfigurationPlatforms) = postSolution
		{BF0194FE-6D0A-444A-A520-E98C31EAE3E5}.Debug|Any CPU.ActiveCfg = Debug|Any CPU
		{BF0194FE-6D0A-444A-A520-E98C31EAE3E5}.Debug|Any CPU.Build.0 = Debug|Any CPU
		{BF0194FE-6D0A-444A-A520-E98C31EAE3E5}.Release|Any CPU.ActiveCfg = Release|Any CPU
		{BF0194FE-6D0A-444A-A520-E98C31EAE3E5}.Release|Any CPU.Build.0 = Release|Any CPU
		{5F3227C5-F39F-440E-B19C-0275E89C8FC9}.Debug|Any CPU.ActiveCfg = Debug|Any CPU
		{5F3227C5-F39F-440E-B19C-0275E89C8FC9}.Debug|Any CPU.Build.0 = Debug|Any CPU
		{5F3227C5-F39F-440E-B19C-0275E89C8FC9}.Release|Any CPU.ActiveCfg = Release|Any CPU
		{5F3227C5-F39F-440E-B19C-0275E89C8FC9}.Release|Any CPU.Build.0 = Release|Any CPU
		{C6CA20FF-7258-4537-A753-4CDEFE21F775}.Debug|Any CPU.ActiveCfg = Debug|Any CPU
		{C6CA20FF-7258-4537-A753-4CDEFE21F775}.Debug|Any CPU.Build.0 = Debug|Any CPU
		{C6CA20FF-7258-4537-A753-4CDEFE21F775}.Release|Any CPU.ActiveCfg = Release|Any CPU
		{C6CA20FF-7258-4537-A753-4CDEFE21F775}.Release|Any CPU.Build.0 = Release|Any CPU
	EndGlobalSection
EndGlobal
